
Microsoft Visual Studio Solution File, Format Version 12.00
# Visual Studio Version 16
VisualStudioVersion = 16.0.31205.134
MinimumVisualStudioVersion = 10.0.40219.1
Project("{9A19103F-16F7-4668-BE54-9A1E7A4F7556}") = "Valour.Net", "Valour.Net\Valour.Net.csproj", "{7804D8B1-B439-4375-890A-FE3E18342BA1}"
EndProject
Project("{9A19103F-16F7-4668-BE54-9A1E7A4F7556}") = "CocaBot-Valour", "CocaBot-Valour.csproj", "{0CBE02D2-143F-45A3-977A-5DCC79859833}"
EndProject
Global
	GlobalSection(SolutionConfigurationPlatforms) = preSolution
		Debug|Any CPU = Debug|Any CPU
		Release|Any CPU = Release|Any CPU
	EndGlobalSection
	GlobalSection(ProjectConfigurationPlatforms) = postSolution
		{7804D8B1-B439-4375-890A-FE3E18342BA1}.Debug|Any CPU.ActiveCfg = Debug|Any CPU
		{7804D8B1-B439-4375-890A-FE3E18342BA1}.Debug|Any CPU.Build.0 = Debug|Any CPU
		{7804D8B1-B439-4375-890A-FE3E18342BA1}.Release|Any CPU.ActiveCfg = Release|Any CPU
		{7804D8B1-B439-4375-890A-FE3E18342BA1}.Release|Any CPU.Build.0 = Release|Any CPU
		{0CBE02D2-143F-45A3-977A-5DCC79859833}.Debug|Any CPU.ActiveCfg = Debug|Any CPU
		{0CBE02D2-143F-45A3-977A-5DCC79859833}.Debug|Any CPU.Build.0 = Debug|Any CPU
		{0CBE02D2-143F-45A3-977A-5DCC79859833}.Release|Any CPU.ActiveCfg = Release|Any CPU
		{0CBE02D2-143F-45A3-977A-5DCC79859833}.Release|Any CPU.Build.0 = Release|Any CPU
	EndGlobalSection
	GlobalSection(SolutionProperties) = preSolution
		HideSolutionNode = FALSE
	EndGlobalSection
	GlobalSection(ExtensibilityGlobals) = postSolution
		SolutionGuid = {D80A70B0-945D-4679-8310-D00FE8281655}
	EndGlobalSection
EndGlobal
